
Microsoft Visual Studio Solution File, Format Version 12.00
# Visual Studio Version 17
VisualStudioVersion = 17.13.35931.197 d17.13
MinimumVisualStudioVersion = 10.0.40219.1
Project("{FAE04EC0-301F-11D3-BF4B-00C04F79EFBC}") = "Movies.API", "Movies.API\Movies.API.csproj", "{2FD34A4D-306E-4FB7-8922-F7630804ABD0}"
EndProject
Project("{FAE04EC0-301F-11D3-BF4B-00C04F79EFBC}") = "IdentityServer", "IdentityServer\IdentityServer.csproj", "{7EEFF3A4-1626-4F11-9473-3EE01E7DB830}"
EndProject
Project("{FAE04EC0-301F-11D3-BF4B-00C04F79EFBC}") = "Movies.Client", "Movies.Client\Movies.Client.csproj", "{680C7660-39AE-4AFA-98F1-42A3A1593780}"
EndProject
Global
	GlobalSection(SolutionConfigurationPlatforms) = preSolution
		Debug|Any CPU = Debug|Any CPU
		Release|Any CPU = Release|Any CPU
	EndGlobalSection
	GlobalSection(ProjectConfigurationPlatforms) = postSolution
		{2FD34A4D-306E-4FB7-8922-F7630804ABD0}.Debug|Any CPU.ActiveCfg = Debug|Any CPU
		{2FD34A4D-306E-4FB7-8922-F7630804ABD0}.Debug|Any CPU.Build.0 = Debug|Any CPU
		{2FD34A4D-306E-4FB7-8922-F7630804ABD0}.Release|Any CPU.ActiveCfg = Release|Any CPU
		{2FD34A4D-306E-4FB7-8922-F7630804ABD0}.Release|Any CPU.Build.0 = Release|Any CPU
		{7EEFF3A4-1626-4F11-9473-3EE01E7DB830}.Debug|Any CPU.ActiveCfg = Debug|Any CPU
		{7EEFF3A4-1626-4F11-9473-3EE01E7DB830}.Debug|Any CPU.Build.0 = Debug|Any CPU
		{7EEFF3A4-1626-4F11-9473-3EE01E7DB830}.Release|Any CPU.ActiveCfg = Release|Any CPU
		{7EEFF3A4-1626-4F11-9473-3EE01E7DB830}.Release|Any CPU.Build.0 = Release|Any CPU
		{680C7660-39AE-4AFA-98F1-42A3A1593780}.Debug|Any CPU.ActiveCfg = Debug|Any CPU
		{680C7660-39AE-4AFA-98F1-42A3A1593780}.Debug|Any CPU.Build.0 = Debug|Any CPU
		{680C7660-39AE-4AFA-98F1-42A3A1593780}.Release|Any CPU.ActiveCfg = Release|Any CPU
		{680C7660-39AE-4AFA-98F1-42A3A1593780}.Release|Any CPU.Build.0 = Release|Any CPU
	EndGlobalSection
	GlobalSection(SolutionProperties) = preSolution
		HideSolutionNode = FALSE
	EndGlobalSection
	GlobalSection(ExtensibilityGlobals) = postSolution
		SolutionGuid = {6230B3C0-9649-418B-A9E3-03B8AA5A46CF}
	EndGlobalSection
EndGlobal
