
Microsoft Visual Studio Solution File, Format Version 12.00
# Visual Studio Version 17
VisualStudioVersion = 17.13.35931.197 d17.13
MinimumVisualStudioVersion = 10.0.40219.1
Project("{FAE04EC0-301F-11D3-BF4B-00C04F79EFBC}") = "CoreIdentity", "CoreIdentity\CoreIdentity.csproj", "{0A509592-15CE-45E6-A0B8-D00126D25EC9}"
EndProject
Global
	GlobalSection(SolutionConfigurationPlatforms) = preSolution
		Debug|Any CPU = Debug|Any CPU
		Release|Any CPU = Release|Any CPU
	EndGlobalSection
	GlobalSection(ProjectConfigurationPlatforms) = postSolution
		{0A509592-15CE-45E6-A0B8-D00126D25EC9}.Debug|Any CPU.ActiveCfg = Debug|Any CPU
		{0A509592-15CE-45E6-A0B8-D00126D25EC9}.Debug|Any CPU.Build.0 = Debug|Any CPU
		{0A509592-15CE-45E6-A0B8-D00126D25EC9}.Release|Any CPU.ActiveCfg = Release|Any CPU
		{0A509592-15CE-45E6-A0B8-D00126D25EC9}.Release|Any CPU.Build.0 = Release|Any CPU
	EndGlobalSection
	GlobalSection(SolutionProperties) = preSolution
		HideSolutionNode = FALSE
	EndGlobalSection
	GlobalSection(ExtensibilityGlobals) = postSolution
		SolutionGuid = {C38BC92F-9359-42A8-B4A2-0C9463466AB4}
	EndGlobalSection
EndGlobal
